// !$*UTF8*$!
{
	archiveVersion = 1;
	classes = {
	};
	objectVersion = 56;
	objects = {

/* Begin PBXBuildFile section */
		CA15B3892BAA6825008A34D0 /* AsyncSequenceApp.swift in Sources */ = {isa = PBXBuildFile; fileRef = CA15B3882BAA6825008A34D0 /* AsyncSequenceApp.swift */; };
		CA15B38B2BAA6825008A34D0 /* ContentView.swift in Sources */ = {isa = PBXBuildFile; fileRef = CA15B38A2BAA6825008A34D0 /* ContentView.swift */; };
		CA15B38D2BAA6826008A34D0 /* Assets.xcassets in Resources */ = {isa = PBXBuildFile; fileRef = CA15B38C2BAA6826008A34D0 /* Assets.xcassets */; };
		CA15B3902BAA6826008A34D0 /* Preview Assets.xcassets in Resources */ = {isa = PBXBuildFile; fileRef = CA15B38F2BAA6826008A34D0 /* Preview Assets.xcassets */; };
		CA15B39A2BAA6826008A34D0 /* AsyncSequenceTests.swift in Sources */ = {isa = PBXBuildFile; fileRef = CA15B3992BAA6826008A34D0 /* AsyncSequenceTests.swift */; };
		CA15B3A42BAA6826008A34D0 /* AsyncSequenceUITests.swift in Sources */ = {isa = PBXBuildFile; fileRef = CA15B3A32BAA6826008A34D0 /* AsyncSequenceUITests.swift */; };
		CA15B3A62BAA6826008A34D0 /* AsyncSequenceUITestsLaunchTests.swift in Sources */ = {isa = PBXBuildFile; fileRef = CA15B3A52BAA6826008A34D0 /* AsyncSequenceUITestsLaunchTests.swift */; };
		CA15B3B42BAA6A30008A34D0 /* UserAPIsView.swift in Sources */ = {isa = PBXBuildFile; fileRef = CA15B3B32BAA6A30008A34D0 /* UserAPIsView.swift */; };
		CA15B3B62BAA708A008A34D0 /* text.txt in Resources */ = {isa = PBXBuildFile; fileRef = CA15B3B52BAA708A008A34D0 /* text.txt */; };
		CA7E8CC52BBAF82A003716ED /* AsyncStream.swift in Sources */ = {isa = PBXBuildFile; fileRef = CA7E8CC42BBAF82A003716ED /* AsyncStream.swift */; };
		CA8562DE2BB8F7A300860587 /* CustomAsyncSequence.swift in Sources */ = {isa = PBXBuildFile; fileRef = CA8562DD2BB8F7A300860587 /* CustomAsyncSequence.swift */; };
		CA8562E02BB945E500860587 /* mac.png in Resources */ = {isa = PBXBuildFile; fileRef = CA8562DF2BB945E500860587 /* mac.png */; };
/* End PBXBuildFile section */

/* Begin PBXContainerItemProxy section */
		CA15B3962BAA6826008A34D0 /* PBXContainerItemProxy */ = {
			isa = PBXContainerItemProxy;
			containerPortal = CA15B37D2BAA6825008A34D0 /* Project object */;
			proxyType = 1;
			remoteGlobalIDString = CA15B3842BAA6825008A34D0;
			remoteInfo = AsyncSequence;
		};
		CA15B3A02BAA6826008A34D0 /* PBXContainerItemProxy */ = {
			isa = PBXContainerItemProxy;
			containerPortal = CA15B37D2BAA6825008A34D0 /* Project object */;
			proxyType = 1;
			remoteGlobalIDString = CA15B3842BAA6825008A34D0;
			remoteInfo = AsyncSequence;
		};
/* End PBXContainerItemProxy section */

/* Begin PBXFileReference section */
		CA15B3852BAA6825008A34D0 /* AsyncSequence.app */ = {isa = PBXFileReference; explicitFileType = wrapper.application; includeInIndex = 0; path = AsyncSequence.app; sourceTree = BUILT_PRODUCTS_DIR; };
		CA15B3882BAA6825008A34D0 /* AsyncSequenceApp.swift */ = {isa = PBXFileReference; lastKnownFileType = sourcecode.swift; path = AsyncSequenceApp.swift; sourceTree = "<group>"; };
		CA15B38A2BAA6825008A34D0 /* ContentView.swift */ = {isa = PBXFileReference; lastKnownFileType = sourcecode.swift; path = ContentView.swift; sourceTree = "<group>"; };
		CA15B38C2BAA6826008A34D0 /* Assets.xcassets */ = {isa = PBXFileReference; lastKnownFileType = folder.assetcatalog; path = Assets.xcassets; sourceTree = "<group>"; };
		CA15B38F2BAA6826008A34D0 /* Preview Assets.xcassets */ = {isa = PBXFileReference; lastKnownFileType = folder.assetcatalog; path = "Preview Assets.xcassets"; sourceTree = "<group>"; };
		CA15B3952BAA6826008A34D0 /* AsyncSequenceTests.xctest */ = {isa = PBXFileReference; explicitFileType = wrapper.cfbundle; includeInIndex = 0; path = AsyncSequenceTests.xctest; sourceTree = BUILT_PRODUCTS_DIR; };
		CA15B3992BAA6826008A34D0 /* AsyncSequenceTests.swift */ = {isa = PBXFileReference; lastKnownFileType = sourcecode.swift; path = AsyncSequenceTests.swift; sourceTree = "<group>"; };
		CA15B39F2BAA6826008A34D0 /* AsyncSequenceUITests.xctest */ = {isa = PBXFileReference; explicitFileType = wrapper.cfbundle; includeInIndex = 0; path = AsyncSequenceUITests.xctest; sourceTree = BUILT_PRODUCTS_DIR; };
		CA15B3A32BAA6826008A34D0 /* AsyncSequenceUITests.swift */ = {isa = PBXFileReference; lastKnownFileType = sourcecode.swift; path = AsyncSequenceUITests.swift; sourceTree = "<group>"; };
		CA15B3A52BAA6826008A34D0 /* AsyncSequenceUITestsLaunchTests.swift */ = {isa = PBXFileReference; lastKnownFileType = sourcecode.swift; path = AsyncSequenceUITestsLaunchTests.swift; sourceTree = "<group>"; };
		CA15B3B32BAA6A30008A34D0 /* UserAPIsView.swift */ = {isa = PBXFileReference; lastKnownFileType = sourcecode.swift; path = UserAPIsView.swift; sourceTree = "<group>"; };
		CA15B3B52BAA708A008A34D0 /* text.txt */ = {isa = PBXFileReference; lastKnownFileType = text; path = text.txt; sourceTree = "<group>"; };
		CA7E8CC42BBAF82A003716ED /* AsyncStream.swift */ = {isa = PBXFileReference; lastKnownFileType = sourcecode.swift; path = AsyncStream.swift; sourceTree = "<group>"; };
		CA8562DD2BB8F7A300860587 /* CustomAsyncSequence.swift */ = {isa = PBXFileReference; lastKnownFileType = sourcecode.swift; path = CustomAsyncSequence.swift; sourceTree = "<group>"; };
		CA8562DF2BB945E500860587 /* mac.png */ = {isa = PBXFileReference; lastKnownFileType = image.png; name = mac.png; path = ../../../../Downloads/mac.png; sourceTree = "<group>"; };
/* End PBXFileReference section */

/* Begin PBXFrameworksBuildPhase section */
		CA15B3822BAA6825008A34D0 /* Frameworks */ = {
			isa = PBXFrameworksBuildPhase;
			buildActionMask = 2147483647;
			files = (
			);
			runOnlyForDeploymentPostprocessing = 0;
		};
		CA15B3922BAA6826008A34D0 /* Frameworks */ = {
			isa = PBXFrameworksBuildPhase;
			buildActionMask = 2147483647;
			files = (
			);
			runOnlyForDeploymentPostprocessing = 0;
		};
		CA15B39C2BAA6826008A34D0 /* Frameworks */ = {
			isa = PBXFrameworksBuildPhase;
			buildActionMask = 2147483647;
			files = (
			);
			runOnlyForDeploymentPostprocessing = 0;
		};
/* End PBXFrameworksBuildPhase section */

/* Begin PBXGroup section */
		CA15B37C2BAA6825008A34D0 = {
			isa = PBXGroup;
			children = (
				CA8562DF2BB945E500860587 /* mac.png */,
				CA15B3872BAA6825008A34D0 /* AsyncSequence */,
				CA15B3982BAA6826008A34D0 /* AsyncSequenceTests */,
				CA15B3A22BAA6826008A34D0 /* AsyncSequenceUITests */,
				CA15B3862BAA6825008A34D0 /* Products */,
			);
			sourceTree = "<group>";
		};
		CA15B3862BAA6825008A34D0 /* Products */ = {
			isa = PBXGroup;
			children = (
				CA15B3852BAA6825008A34D0 /* AsyncSequence.app */,
				CA15B3952BAA6826008A34D0 /* AsyncSequenceTests.xctest */,
				CA15B39F2BAA6826008A34D0 /* AsyncSequenceUITests.xctest */,
			);
			name = Products;
			sourceTree = "<group>";
		};
		CA15B3872BAA6825008A34D0 /* AsyncSequence */ = {
			isa = PBXGroup;
			children = (
				CA15B3B52BAA708A008A34D0 /* text.txt */,
				CA15B3882BAA6825008A34D0 /* AsyncSequenceApp.swift */,
				CA15B38A2BAA6825008A34D0 /* ContentView.swift */,
				CA15B38C2BAA6826008A34D0 /* Assets.xcassets */,
				CA15B38E2BAA6826008A34D0 /* Preview Content */,
				CA15B3B32BAA6A30008A34D0 /* UserAPIsView.swift */,
				CA8562DD2BB8F7A300860587 /* CustomAsyncSequence.swift */,
				CA7E8CC42BBAF82A003716ED /* AsyncStream.swift */,
			);
			path = AsyncSequence;
			sourceTree = "<group>";
		};
		CA15B38E2BAA6826008A34D0 /* Preview Content */ = {
			isa = PBXGroup;
			children = (
				CA15B38F2BAA6826008A34D0 /* Preview Assets.xcassets */,
			);
			path = "Preview Content";
			sourceTree = "<group>";
		};
		CA15B3982BAA6826008A34D0 /* AsyncSequenceTests */ = {
			isa = PBXGroup;
			children = (
				CA15B3992BAA6826008A34D0 /* AsyncSequenceTests.swift */,
			);
			path = AsyncSequenceTests;
			sourceTree = "<group>";
		};
		CA15B3A22BAA6826008A34D0 /* AsyncSequenceUITests */ = {
			isa = PBXGroup;
			children = (
				CA15B3A32BAA6826008A34D0 /* AsyncSequenceUITests.swift */,
				CA15B3A52BAA6826008A34D0 /* AsyncSequenceUITestsLaunchTests.swift */,
			);
			path = AsyncSequenceUITests;
			sourceTree = "<group>";
		};
/* End PBXGroup section */

/* Begin PBXNativeTarget section */
		CA15B3842BAA6825008A34D0 /* AsyncSequence */ = {
			isa = PBXNativeTarget;
			buildConfigurationList = CA15B3A92BAA6826008A34D0 /* Build configuration list for PBXNativeTarget "AsyncSequence" */;
			buildPhases = (
				CA15B3812BAA6825008A34D0 /* Sources */,
				CA15B3822BAA6825008A34D0 /* Frameworks */,
				CA15B3832BAA6825008A34D0 /* Resources */,
			);
			buildRules = (
			);
			dependencies = (
			);
			name = AsyncSequence;
			productName = AsyncSequence;
			productReference = CA15B3852BAA6825008A34D0 /* AsyncSequence.app */;
			productType = "com.apple.product-type.application";
		};
		CA15B3942BAA6826008A34D0 /* AsyncSequenceTests */ = {
			isa = PBXNativeTarget;
			buildConfigurationList = CA15B3AC2BAA6826008A34D0 /* Build configuration list for PBXNativeTarget "AsyncSequenceTests" */;
			buildPhases = (
				CA15B3912BAA6826008A34D0 /* Sources */,
				CA15B3922BAA6826008A34D0 /* Frameworks */,
				CA15B3932BAA6826008A34D0 /* Resources */,
			);
			buildRules = (
			);
			dependencies = (
				CA15B3972BAA6826008A34D0 /* PBXTargetDependency */,
			);
			name = AsyncSequenceTests;
			productName = AsyncSequenceTests;
			productReference = CA15B3952BAA6826008A34D0 /* AsyncSequenceTests.xctest */;
			productType = "com.apple.product-type.bundle.unit-test";
		};
		CA15B39E2BAA6826008A34D0 /* AsyncSequenceUITests */ = {
			isa = PBXNativeTarget;
			buildConfigurationList = CA15B3AF2BAA6826008A34D0 /* Build configuration list for PBXNativeTarget "AsyncSequenceUITests" */;
			buildPhases = (
				CA15B39B2BAA6826008A34D0 /* Sources */,
				CA15B39C2BAA6826008A34D0 /* Frameworks */,
				CA15B39D2BAA6826008A34D0 /* Resources */,
			);
			buildRules = (
			);
			dependencies = (
				CA15B3A12BAA6826008A34D0 /* PBXTargetDependency */,
			);
			name = AsyncSequenceUITests;
			productName = AsyncSequenceUITests;
			productReference = CA15B39F2BAA6826008A34D0 /* AsyncSequenceUITests.xctest */;
			productType = "com.apple.product-type.bundle.ui-testing";
		};
/* End PBXNativeTarget section */

/* Begin PBXProject section */
		CA15B37D2BAA6825008A34D0 /* Project object */ = {
			isa = PBXProject;
			attributes = {
				BuildIndependentTargetsInParallel = 1;
				LastSwiftUpdateCheck = 1530;
				LastUpgradeCheck = 1530;
				TargetAttributes = {
					CA15B3842BAA6825008A34D0 = {
						CreatedOnToolsVersion = 15.3;
					};
					CA15B3942BAA6826008A34D0 = {
						CreatedOnToolsVersion = 15.3;
						TestTargetID = CA15B3842BAA6825008A34D0;
					};
					CA15B39E2BAA6826008A34D0 = {
						CreatedOnToolsVersion = 15.3;
						TestTargetID = CA15B3842BAA6825008A34D0;
					};
				};
			};
			buildConfigurationList = CA15B3802BAA6825008A34D0 /* Build configuration list for PBXProject "AsyncSequence" */;
			compatibilityVersion = "Xcode 14.0";
			developmentRegion = en;
			hasScannedForEncodings = 0;
			knownRegions = (
				en,
				Base,
			);
			mainGroup = CA15B37C2BAA6825008A34D0;
			productRefGroup = CA15B3862BAA6825008A34D0 /* Products */;
			projectDirPath = "";
			projectRoot = "";
			targets = (
				CA15B3842BAA6825008A34D0 /* AsyncSequence */,
				CA15B3942BAA6826008A34D0 /* AsyncSequenceTests */,
				CA15B39E2BAA6826008A34D0 /* AsyncSequenceUITests */,
			);
		};
/* End PBXProject section */

/* Begin PBXResourcesBuildPhase section */
		CA15B3832BAA6825008A34D0 /* Resources */ = {
			isa = PBXResourcesBuildPhase;
			buildActionMask = 2147483647;
			files = (
				CA15B3902BAA6826008A34D0 /* Preview Assets.xcassets in Resources */,
				CA15B3B62BAA708A008A34D0 /* text.txt in Resources */,
				CA15B38D2BAA6826008A34D0 /* Assets.xcassets in Resources */,
				CA8562E02BB945E500860587 /* mac.png in Resources */,
			);
			runOnlyForDeploymentPostprocessing = 0;
		};
		CA15B3932BAA6826008A34D0 /* Resources */ = {
			isa = PBXResourcesBuildPhase;
			buildActionMask = 2147483647;
			files = (
			);
			runOnlyForDeploymentPostprocessing = 0;
		};
		CA15B39D2BAA6826008A34D0 /* Resources */ = {
			isa = PBXResourcesBuildPhase;
			buildActionMask = 2147483647;
			files = (
			);
			runOnlyForDeploymentPostprocessing = 0;
		};
/* End PBXResourcesBuildPhase section */

/* Begin PBXSourcesBuildPhase section */
		CA15B3812BAA6825008A34D0 /* Sources */ = {
			isa = PBXSourcesBuildPhase;
			buildActionMask = 2147483647;
			files = (
				CA15B38B2BAA6825008A34D0 /* ContentView.swift in Sources */,
				CA15B3B42BAA6A30008A34D0 /* UserAPIsView.swift in Sources */,
				CA8562DE2BB8F7A300860587 /* CustomAsyncSequence.swift in Sources */,
				CA15B3892BAA6825008A34D0 /* AsyncSequenceApp.swift in Sources */,
				CA7E8CC52BBAF82A003716ED /* AsyncStream.swift in Sources */,
			);
			runOnlyForDeploymentPostprocessing = 0;
		};
		CA15B3912BAA6826008A34D0 /* Sources */ = {
			isa = PBXSourcesBuildPhase;
			buildActionMask = 2147483647;
			files = (
				CA15B39A2BAA6826008A34D0 /* AsyncSequenceTests.swift in Sources */,
			);
			runOnlyForDeploymentPostprocessing = 0;
		};
		CA15B39B2BAA6826008A34D0 /* Sources */ = {
			isa = PBXSourcesBuildPhase;
			buildActionMask = 2147483647;
			files = (
				CA15B3A62BAA6826008A34D0 /* AsyncSequenceUITestsLaunchTests.swift in Sources */,
				CA15B3A42BAA6826008A34D0 /* AsyncSequenceUITests.swift in Sources */,
			);
			runOnlyForDeploymentPostprocessing = 0;
		};
/* End PBXSourcesBuildPhase section */

/* Begin PBXTargetDependency section */
		CA15B3972BAA6826008A34D0 /* PBXTargetDependency */ = {
			isa = PBXTargetDependency;
			target = CA15B3842BAA6825008A34D0 /* AsyncSequence */;
			targetProxy = CA15B3962BAA6826008A34D0 /* PBXContainerItemProxy */;
		};
		CA15B3A12BAA6826008A34D0 /* PBXTargetDependency */ = {
			isa = PBXTargetDependency;
			target = CA15B3842BAA6825008A34D0 /* AsyncSequence */;
			targetProxy = CA15B3A02BAA6826008A34D0 /* PBXContainerItemProxy */;
		};
/* End PBXTargetDependency section */

/* Begin XCBuildConfiguration section */
		CA15B3A72BAA6826008A34D0 /* Debug */ = {
			isa = XCBuildConfiguration;
			buildSettings = {
				ALWAYS_SEARCH_USER_PATHS = NO;
				ASSETCATALOG_COMPILER_GENERATE_SWIFT_ASSET_SYMBOL_EXTENSIONS = YES;
				CLANG_ANALYZER_NONNULL = YES;
				CLANG_ANALYZER_NUMBER_OBJECT_CONVERSION = YES_AGGRESSIVE;
				CLANG_CXX_LANGUAGE_STANDARD = "gnu++20";
				CLANG_ENABLE_MODULES = YES;
				CLANG_ENABLE_OBJC_ARC = YES;
				CLANG_ENABLE_OBJC_WEAK = YES;
				CLANG_WARN_BLOCK_CAPTURE_AUTORELEASING = YES;
				CLANG_WARN_BOOL_CONVERSION = YES;
				CLANG_WARN_COMMA = YES;
				CLANG_WARN_CONSTANT_CONVERSION = YES;
				CLANG_WARN_DEPRECATED_OBJC_IMPLEMENTATIONS = YES;
				CLANG_WARN_DIRECT_OBJC_ISA_USAGE = YES_ERROR;
				CLANG_WARN_DOCUMENTATION_COMMENTS = YES;
				CLANG_WARN_EMPTY_BODY = YES;
				CLANG_WARN_ENUM_CONVERSION = YES;
				CLANG_WARN_INFINITE_RECURSION = YES;
				CLANG_WARN_INT_CONVERSION = YES;
				CLANG_WARN_NON_LITERAL_NULL_CONVERSION = YES;
				CLANG_WARN_OBJC_IMPLICIT_RETAIN_SELF = YES;
				CLANG_WARN_OBJC_LITERAL_CONVERSION = YES;
				CLANG_WARN_OBJC_ROOT_CLASS = YES_ERROR;
				CLANG_WARN_QUOTED_INCLUDE_IN_FRAMEWORK_HEADER = YES;
				CLANG_WARN_RANGE_LOOP_ANALYSIS = YES;
				CLANG_WARN_STRICT_PROTOTYPES = YES;
				CLANG_WARN_SUSPICIOUS_MOVE = YES;
				CLANG_WARN_UNGUARDED_AVAILABILITY = YES_AGGRESSIVE;
				CLANG_WARN_UNREACHABLE_CODE = YES;
				CLANG_WARN__DUPLICATE_METHOD_MATCH = YES;
				COPY_PHASE_STRIP = NO;
				DEBUG_INFORMATION_FORMAT = dwarf;
				ENABLE_STRICT_OBJC_MSGSEND = YES;
				ENABLE_TESTABILITY = YES;
				ENABLE_USER_SCRIPT_SANDBOXING = YES;
				GCC_C_LANGUAGE_STANDARD = gnu17;
				GCC_DYNAMIC_NO_PIC = NO;
				GCC_NO_COMMON_BLOCKS = YES;
				GCC_OPTIMIZATION_LEVEL = 0;
				GCC_PREPROCESSOR_DEFINITIONS = (
					"DEBUG=1",
					"$(inherited)",
				);
				GCC_WARN_64_TO_32_BIT_CONVERSION = YES;
				GCC_WARN_ABOUT_RETURN_TYPE = YES_ERROR;
				GCC_WARN_UNDECLARED_SELECTOR = YES;
				GCC_WARN_UNINITIALIZED_AUTOS = YES_AGGRESSIVE;
				GCC_WARN_UNUSED_FUNCTION = YES;
				GCC_WARN_UNUSED_VARIABLE = YES;
				IPHONEOS_DEPLOYMENT_TARGET = 17.4;
				LOCALIZATION_PREFERS_STRING_CATALOGS = YES;
				MTL_ENABLE_DEBUG_INFO = INCLUDE_SOURCE;
				MTL_FAST_MATH = YES;
				ONLY_ACTIVE_ARCH = YES;
				SDKROOT = iphoneos;
				SWIFT_ACTIVE_COMPILATION_CONDITIONS = "DEBUG $(inherited)";
				SWIFT_OPTIMIZATION_LEVEL = "-Onone";
			};
			name = Debug;
		};
		CA15B3A82BAA6826008A34D0 /* Release */ = {
			isa = XCBuildConfiguration;
			buildSettings = {
				ALWAYS_SEARCH_USER_PATHS = NO;
				ASSETCATALOG_COMPILER_GENERATE_SWIFT_ASSET_SYMBOL_EXTENSIONS = YES;
				CLANG_ANALYZER_NONNULL = YES;
				CLANG_ANALYZER_NUMBER_OBJECT_CONVERSION = YES_AGGRESSIVE;
				CLANG_CXX_LANGUAGE_STANDARD = "gnu++20";
				CLANG_ENABLE_MODULES = YES;
				CLANG_ENABLE_OBJC_ARC = YES;
				CLANG_ENABLE_OBJC_WEAK = YES;
				CLANG_WARN_BLOCK_CAPTURE_AUTORELEASING = YES;
				CLANG_WARN_BOOL_CONVERSION = YES;
				CLANG_WARN_COMMA = YES;
				CLANG_WARN_CONSTANT_CONVERSION = YES;
				CLANG_WARN_DEPRECATED_OBJC_IMPLEMENTATIONS = YES;
				CLANG_WARN_DIRECT_OBJC_ISA_USAGE = YES_ERROR;
				CLANG_WARN_DOCUMENTATION_COMMENTS = YES;
				CLANG_WARN_EMPTY_BODY = YES;
				CLANG_WARN_ENUM_CONVERSION = YES;
				CLANG_WARN_INFINITE_RECURSION = YES;
				CLANG_WARN_INT_CONVERSION = YES;
				CLANG_WARN_NON_LITERAL_NULL_CONVERSION = YES;
				CLANG_WARN_OBJC_IMPLICIT_RETAIN_SELF = YES;
				CLANG_WARN_OBJC_LITERAL_CONVERSION = YES;
				CLANG_WARN_OBJC_ROOT_CLASS = YES_ERROR;
				CLANG_WARN_QUOTED_INCLUDE_IN_FRAMEWORK_HEADER = YES;
				CLANG_WARN_RANGE_LOOP_ANALYSIS = YES;
				CLANG_WARN_STRICT_PROTOTYPES = YES;
				CLANG_WARN_SUSPICIOUS_MOVE = YES;
				CLANG_WARN_UNGUARDED_AVAILABILITY = YES_AGGRESSIVE;
				CLANG_WARN_UNREACHABLE_CODE = YES;
				CLANG_WARN__DUPLICATE_METHOD_MATCH = YES;
				COPY_PHASE_STRIP = NO;
				DEBUG_INFORMATION_FORMAT = "dwarf-with-dsym";
				ENABLE_NS_ASSERTIONS = NO;
				ENABLE_STRICT_OBJC_MSGSEND = YES;
				ENABLE_USER_SCRIPT_SANDBOXING = YES;
				GCC_C_LANGUAGE_STANDARD = gnu17;
				GCC_NO_COMMON_BLOCKS = YES;
				GCC_WARN_64_TO_32_BIT_CONVERSION = YES;
				GCC_WARN_ABOUT_RETURN_TYPE = YES_ERROR;
				GCC_WARN_UNDECLARED_SELECTOR = YES;
				GCC_WARN_UNINITIALIZED_AUTOS = YES_AGGRESSIVE;
				GCC_WARN_UNUSED_FUNCTION = YES;
				GCC_WARN_UNUSED_VARIABLE = YES;
				IPHONEOS_DEPLOYMENT_TARGET = 17.4;
				LOCALIZATION_PREFERS_STRING_CATALOGS = YES;
				MTL_ENABLE_DEBUG_INFO = NO;
				MTL_FAST_MATH = YES;
				SDKROOT = iphoneos;
				SWIFT_COMPILATION_MODE = wholemodule;
				VALIDATE_PRODUCT = YES;
			};
			name = Release;
		};
		CA15B3AA2BAA6826008A34D0 /* Debug */ = {
			isa = XCBuildConfiguration;
			buildSettings = {
				ASSETCATALOG_COMPILER_APPICON_NAME = AppIcon;
				ASSETCATALOG_COMPILER_GLOBAL_ACCENT_COLOR_NAME = AccentColor;
				CODE_SIGN_STYLE = Automatic;
				CURRENT_PROJECT_VERSION = 1;
				DEVELOPMENT_ASSET_PATHS = "\"AsyncSequence/Preview Content\"";
				ENABLE_PREVIEWS = YES;
				GENERATE_INFOPLIST_FILE = YES;
				INFOPLIST_KEY_UIApplicationSceneManifest_Generation = YES;
				INFOPLIST_KEY_UIApplicationSupportsIndirectInputEvents = YES;
				INFOPLIST_KEY_UILaunchScreen_Generation = YES;
				INFOPLIST_KEY_UISupportedInterfaceOrientations_iPad = "UIInterfaceOrientationPortrait UIInterfaceOrientationPortraitUpsideDown UIInterfaceOrientationLandscapeLeft UIInterfaceOrientationLandscapeRight";
				INFOPLIST_KEY_UISupportedInterfaceOrientations_iPhone = "UIInterfaceOrientationPortrait UIInterfaceOrientationLandscapeLeft UIInterfaceOrientationLandscapeRight";
				LD_RUNPATH_SEARCH_PATHS = (
					"$(inherited)",
					"@executable_path/Frameworks",
				);
				MARKETING_VERSION = 1.0;
				PRODUCT_BUNDLE_IDENTIFIER = jp.kaleidot725.AsyncSequence;
				PRODUCT_NAME = "$(TARGET_NAME)";
				SWIFT_EMIT_LOC_STRINGS = YES;
				SWIFT_VERSION = 5.0;
				TARGETED_DEVICE_FAMILY = "1,2";
			};
			name = Debug;
		};
		CA15B3AB2BAA6826008A34D0 /* Release */ = {
			isa = XCBuildConfiguration;
			buildSettings = {
				ASSETCATALOG_COMPILER_APPICON_NAME = AppIcon;
				ASSETCATALOG_COMPILER_GLOBAL_ACCENT_COLOR_NAME = AccentColor;
				CODE_SIGN_STYLE = Automatic;
				CURRENT_PROJECT_VERSION = 1;
				DEVELOPMENT_ASSET_PATHS = "\"AsyncSequence/Preview Content\"";
				ENABLE_PREVIEWS = YES;
				GENERATE_INFOPLIST_FILE = YES;
				INFOPLIST_KEY_UIApplicationSceneManifest_Generation = YES;
				INFOPLIST_KEY_UIApplicationSupportsIndirectInputEvents = YES;
				INFOPLIST_KEY_UILaunchScreen_Generation = YES;
				INFOPLIST_KEY_UISupportedInterfaceOrientations_iPad = "UIInterfaceOrientationPortrait UIInterfaceOrientationPortraitUpsideDown UIInterfaceOrientationLandscapeLeft UIInterfaceOrientationLandscapeRight";
				INFOPLIST_KEY_UISupportedInterfaceOrientations_iPhone = "UIInterfaceOrientationPortrait UIInterfaceOrientationLandscapeLeft UIInterfaceOrientationLandscapeRight";
				LD_RUNPATH_SEARCH_PATHS = (
					"$(inherited)",
					"@executable_path/Frameworks",
				);
				MARKETING_VERSION = 1.0;
				PRODUCT_BUNDLE_IDENTIFIER = jp.kaleidot725.AsyncSequence;
				PRODUCT_NAME = "$(TARGET_NAME)";
				SWIFT_EMIT_LOC_STRINGS = YES;
				SWIFT_VERSION = 5.0;
				TARGETED_DEVICE_FAMILY = "1,2";
			};
			name = Release;
		};
		CA15B3AD2BAA6826008A34D0 /* Debug */ = {
			isa = XCBuildConfiguration;
			buildSettings = {
				ALWAYS_EMBED_SWIFT_STANDARD_LIBRARIES = YES;
				BUNDLE_LOADER = "$(TEST_HOST)";
				CODE_SIGN_STYLE = Automatic;
				CURRENT_PROJECT_VERSION = 1;
				GENERATE_INFOPLIST_FILE = YES;
				IPHONEOS_DEPLOYMENT_TARGET = 17.4;
				MARKETING_VERSION = 1.0;
				PRODUCT_BUNDLE_IDENTIFIER = jp.kaleidot725.AsyncSequenceTests;
				PRODUCT_NAME = "$(TARGET_NAME)";
				SWIFT_EMIT_LOC_STRINGS = NO;
				SWIFT_VERSION = 5.0;
				TARGETED_DEVICE_FAMILY = "1,2";
				TEST_HOST = "$(BUILT_PRODUCTS_DIR)/AsyncSequence.app/$(BUNDLE_EXECUTABLE_FOLDER_PATH)/AsyncSequence";
			};
			name = Debug;
		};
		CA15B3AE2BAA6826008A34D0 /* Release */ = {
			isa = XCBuildConfiguration;
			buildSettings = {
				ALWAYS_EMBED_SWIFT_STANDARD_LIBRARIES = YES;
				BUNDLE_LOADER = "$(TEST_HOST)";
				CODE_SIGN_STYLE = Automatic;
				CURRENT_PROJECT_VERSION = 1;
				GENERATE_INFOPLIST_FILE = YES;
				IPHONEOS_DEPLOYMENT_TARGET = 17.4;
				MARKETING_VERSION = 1.0;
				PRODUCT_BUNDLE_IDENTIFIER = jp.kaleidot725.AsyncSequenceTests;
				PRODUCT_NAME = "$(TARGET_NAME)";
				SWIFT_EMIT_LOC_STRINGS = NO;
				SWIFT_VERSION = 5.0;
				TARGETED_DEVICE_FAMILY = "1,2";
				TEST_HOST = "$(BUILT_PRODUCTS_DIR)/AsyncSequence.app/$(BUNDLE_EXECUTABLE_FOLDER_PATH)/AsyncSequence";
			};
			name = Release;
		};
		CA15B3B02BAA6826008A34D0 /* Debug */ = {
			isa = XCBuildConfiguration;
			buildSettings = {
				ALWAYS_EMBED_SWIFT_STANDARD_LIBRARIES = YES;
				CODE_SIGN_STYLE = Automatic;
				CURRENT_PROJECT_VERSION = 1;
				GENERATE_INFOPLIST_FILE = YES;
				MARKETING_VERSION = 1.0;
				PRODUCT_BUNDLE_IDENTIFIER = jp.kaleidot725.AsyncSequenceUITests;
				PRODUCT_NAME = "$(TARGET_NAME)";
				SWIFT_EMIT_LOC_STRINGS = NO;
				SWIFT_VERSION = 5.0;
				TARGETED_DEVICE_FAMILY = "1,2";
				TEST_TARGET_NAME = AsyncSequence;
			};
			name = Debug;
		};
		CA15B3B12BAA6826008A34D0 /* Release */ = {
			isa = XCBuildConfiguration;
			buildSettings = {
				ALWAYS_EMBED_SWIFT_STANDARD_LIBRARIES = YES;
				CODE_SIGN_STYLE = Automatic;
				CURRENT_PROJECT_VERSION = 1;
				GENERATE_INFOPLIST_FILE = YES;
				MARKETING_VERSION = 1.0;
				PRODUCT_BUNDLE_IDENTIFIER = jp.kaleidot725.AsyncSequenceUITests;
				PRODUCT_NAME = "$(TARGET_NAME)";
				SWIFT_EMIT_LOC_STRINGS = NO;
				SWIFT_VERSION = 5.0;
				TARGETED_DEVICE_FAMILY = "1,2";
				TEST_TARGET_NAME = AsyncSequence;
			};
			name = Release;
		};
/* End XCBuildConfiguration section */

/* Begin XCConfigurationList section */
		CA15B3802BAA6825008A34D0 /* Build configuration list for PBXProject "AsyncSequence" */ = {
			isa = XCConfigurationList;
			buildConfigurations = (
				CA15B3A72BAA6826008A34D0 /* Debug */,
				CA15B3A82BAA6826008A34D0 /* Release */,
			);
			defaultConfigurationIsVisible = 0;
			defaultConfigurationName = Release;
		};
		CA15B3A92BAA6826008A34D0 /* Build configuration list for PBXNativeTarget "AsyncSequence" */ = {
			isa = XCConfigurationList;
			buildConfigurations = (
				CA15B3AA2BAA6826008A34D0 /* Debug */,
				CA15B3AB2BAA6826008A34D0 /* Release */,
			);
			defaultConfigurationIsVisible = 0;
			defaultConfigurationName = Release;
		};
		CA15B3AC2BAA6826008A34D0 /* Build configuration list for PBXNativeTarget "AsyncSequenceTests" */ = {
			isa = XCConfigurationList;
			buildConfigurations = (
				CA15B3AD2BAA6826008A34D0 /* Debug */,
				CA15B3AE2BAA6826008A34D0 /* Release */,
			);
			defaultConfigurationIsVisible = 0;
			defaultConfigurationName = Release;
		};
		CA15B3AF2BAA6826008A34D0 /* Build configuration list for PBXNativeTarget "AsyncSequenceUITests" */ = {
			isa = XCConfigurationList;
			buildConfigurations = (
				CA15B3B02BAA6826008A34D0 /* Debug */,
				CA15B3B12BAA6826008A34D0 /* Release */,
			);
			defaultConfigurationIsVisible = 0;
			defaultConfigurationName = Release;
		};
/* End XCConfigurationList section */
	};
	rootObject = CA15B37D2BAA6825008A34D0 /* Project object */;
}
